
Microsoft Visual Studio Solution File, Format Version 12.00
Project("{FAE04EC0-301F-11D3-BF4B-00C04F79EFBC}") = "RetakesAllocator", "RetakesAllocator.csproj", "{93BCE3E8-9B8A-4E5C-8FF3-03C652104C3C}"
EndProject
Global
	GlobalSection(SolutionConfigurationPlatforms) = preSolution
		Debug|Any CPU = Debug|Any CPU
		Release|Any CPU = Release|Any CPU
	EndGlobalSection
	GlobalSection(ProjectConfigurationPlatforms) = postSolution
		{93BCE3E8-9B8A-4E5C-8FF3-03C652104C3C}.Debug|Any CPU.ActiveCfg = Debug|Any CPU
		{93BCE3E8-9B8A-4E5C-8FF3-03C652104C3C}.Debug|Any CPU.Build.0 = Debug|Any CPU
		{93BCE3E8-9B8A-4E5C-8FF3-03C652104C3C}.Release|Any CPU.ActiveCfg = Release|Any CPU
		{93BCE3E8-9B8A-4E5C-8FF3-03C652104C3C}.Release|Any CPU.Build.0 = Release|Any CPU
	EndGlobalSection
EndGlobal
